github.com/japablazatww/libreria-a v0.0.0-20251210032138-3f5450ae60cb h1:Yy/XtQmdiSzH/WVnILucksidyCAfKaYqIkSGMVikC7M=
github.com/japablazatww/libreria-a v0.0.0-20251210032138-3f5450ae60cb/go.mod h1:S70uYVbtqUWtiYIkG1UbNpOiTPTceaGgS7Zo5xROPp8=
github.com/japablazatww/libreria-a v0.0.0-20251210203640-ec455bed3c61 h1:kQOQar4M5NKCuMBl0UAmSCEuLLAKV2sAvflcDLCiFvw=
github.com/japablazatww/libreria-a v0.0.0-20251210203640-ec455bed3c61/go.mod h1:S70uYVbtqUWtiYIkG1UbNpOiTPTceaGgS7Zo5xROPp8=
